
Microsoft Visual Studio Solution File, Format Version 12.00
# Visual Studio 2012
Project("{FAE04EC0-301F-11D3-BF4B-00C04F79EFBC}") = "UISplitViewWithMultipleDetails", "UISplitViewWithMultipleDetails\UISplitViewWithMultipleDetails.csproj", "{E7D12E0A-DC5C-4EF3-A9DC-B6982D934903}"
EndProject
Global
	GlobalSection(SolutionConfigurationPlatforms) = preSolution
		Debug|iPhoneSimulator = Debug|iPhoneSimulator
		Release|iPhoneSimulator = Release|iPhoneSimulator
		Debug|iPhone = Debug|iPhone
		Release|iPhone = Release|iPhone
		Ad-Hoc|iPhone = Ad-Hoc|iPhone
		AppStore|iPhone = AppStore|iPhone
	EndGlobalSection
	GlobalSection(ProjectConfigurationPlatforms) = postSolution
		{E7D12E0A-DC5C-4EF3-A9DC-B6982D934903}.Ad-Hoc|iPhone.ActiveCfg = Ad-Hoc|iPhone
		{E7D12E0A-DC5C-4EF3-A9DC-B6982D934903}.Ad-Hoc|iPhone.Build.0 = Ad-Hoc|iPhone
		{E7D12E0A-DC5C-4EF3-A9DC-B6982D934903}.AppStore|iPhone.ActiveCfg = AppStore|iPhone
		{E7D12E0A-DC5C-4EF3-A9DC-B6982D934903}.AppStore|iPhone.Build.0 = AppStore|iPhone
		{E7D12E0A-DC5C-4EF3-A9DC-B6982D934903}.Debug|iPhone.ActiveCfg = Debug|iPhone
		{E7D12E0A-DC5C-4EF3-A9DC-B6982D934903}.Debug|iPhone.Build.0 = Debug|iPhone
		{E7D12E0A-DC5C-4EF3-A9DC-B6982D934903}.Debug|iPhoneSimulator.ActiveCfg = Debug|iPhoneSimulator
		{E7D12E0A-DC5C-4EF3-A9DC-B6982D934903}.Debug|iPhoneSimulator.Build.0 = Debug|iPhoneSimulator
		{E7D12E0A-DC5C-4EF3-A9DC-B6982D934903}.Release|iPhone.ActiveCfg = Release|iPhone
		{E7D12E0A-DC5C-4EF3-A9DC-B6982D934903}.Release|iPhone.Build.0 = Release|iPhone
		{E7D12E0A-DC5C-4EF3-A9DC-B6982D934903}.Release|iPhoneSimulator.ActiveCfg = Release|iPhoneSimulator
		{E7D12E0A-DC5C-4EF3-A9DC-B6982D934903}.Release|iPhoneSimulator.Build.0 = Release|iPhoneSimulator
	EndGlobalSection
	GlobalSection(MonoDevelopProperties) = preSolution
		StartupItem = UISplitViewWithMultipleDetails\UISplitViewWithMultipleDetails.csproj
	EndGlobalSection
EndGlobal
